
Microsoft Visual Studio Solution File, Format Version 12.00
# Visual Studio Version 17
VisualStudioVersion = 17.6.33927.249
MinimumVisualStudioVersion = 10.0.40219.1
Project("{9A19103F-16F7-4668-BE54-9A1E7A4F7556}") = "HiBaPaximum", "HiBaPaximum.csproj", "{C7CD02B9-8F87-403A-B1FF-77E3647B684D}"
EndProject
Global
	GlobalSection(SolutionConfigurationPlatforms) = preSolution
		Debug|Any CPU = Debug|Any CPU
		Release|Any CPU = Release|Any CPU
	EndGlobalSection
	GlobalSection(ProjectConfigurationPlatforms) = postSolution
		{C7CD02B9-8F87-403A-B1FF-77E3647B684D}.Debug|Any CPU.ActiveCfg = Debug|Any CPU
		{C7CD02B9-8F87-403A-B1FF-77E3647B684D}.Debug|Any CPU.Build.0 = Debug|Any CPU
		{C7CD02B9-8F87-403A-B1FF-77E3647B684D}.Release|Any CPU.ActiveCfg = Release|Any CPU
		{C7CD02B9-8F87-403A-B1FF-77E3647B684D}.Release|Any CPU.Build.0 = Release|Any CPU
	EndGlobalSection
	GlobalSection(SolutionProperties) = preSolution
		HideSolutionNode = FALSE
	EndGlobalSection
	GlobalSection(ExtensibilityGlobals) = postSolution
		SolutionGuid = {FC3AB2EB-5514-4195-AD8B-A79D341CE5A6}
	EndGlobalSection
EndGlobal
